
Microsoft Visual Studio Solution File, Format Version 12.00
# Visual Studio Version 17
VisualStudioVersion = 17.10.35027.167
MinimumVisualStudioVersion = 10.0.40219.1
Project("{9A19103F-16F7-4668-BE54-9A1E7A4F7556}") = "WorkerHttpFake", "src\WorkerHttpFake\WorkerHttpFake.csproj", "{C35A9B95-86CC-4BDE-802C-0E2051C2DAA2}"
EndProject
Project("{9A19103F-16F7-4668-BE54-9A1E7A4F7556}") = "WorkerHttpFake.Tests", "src\WorkerHttpFake.Tests\WorkerHttpFake.Tests.csproj", "{5BA3F165-1A30-489F-82BF-45C867242DBD}"
EndProject
Project("{FAE04EC0-301F-11D3-BF4B-00C04F79EFBC}") = "WorkerHttpFake.Function", "src\WorkerHttpFake.Function\WorkerHttpFake.Function.csproj", "{12952965-186C-4328-9E83-737BA4FBBCA1}"
EndProject
Global
	GlobalSection(SolutionConfigurationPlatforms) = preSolution
		Debug|Any CPU = Debug|Any CPU
		Release|Any CPU = Release|Any CPU
	EndGlobalSection
	GlobalSection(ProjectConfigurationPlatforms) = postSolution
		{C35A9B95-86CC-4BDE-802C-0E2051C2DAA2}.Debug|Any CPU.ActiveCfg = Debug|Any CPU
		{C35A9B95-86CC-4BDE-802C-0E2051C2DAA2}.Debug|Any CPU.Build.0 = Debug|Any CPU
		{C35A9B95-86CC-4BDE-802C-0E2051C2DAA2}.Release|Any CPU.ActiveCfg = Release|Any CPU
		{C35A9B95-86CC-4BDE-802C-0E2051C2DAA2}.Release|Any CPU.Build.0 = Release|Any CPU
		{5BA3F165-1A30-489F-82BF-45C867242DBD}.Debug|Any CPU.ActiveCfg = Debug|Any CPU
		{5BA3F165-1A30-489F-82BF-45C867242DBD}.Debug|Any CPU.Build.0 = Debug|Any CPU
		{5BA3F165-1A30-489F-82BF-45C867242DBD}.Release|Any CPU.ActiveCfg = Release|Any CPU
		{5BA3F165-1A30-489F-82BF-45C867242DBD}.Release|Any CPU.Build.0 = Release|Any CPU
		{12952965-186C-4328-9E83-737BA4FBBCA1}.Debug|Any CPU.ActiveCfg = Debug|Any CPU
		{12952965-186C-4328-9E83-737BA4FBBCA1}.Debug|Any CPU.Build.0 = Debug|Any CPU
		{12952965-186C-4328-9E83-737BA4FBBCA1}.Release|Any CPU.ActiveCfg = Release|Any CPU
		{12952965-186C-4328-9E83-737BA4FBBCA1}.Release|Any CPU.Build.0 = Release|Any CPU
	EndGlobalSection
	GlobalSection(SolutionProperties) = preSolution
		HideSolutionNode = FALSE
	EndGlobalSection
	GlobalSection(ExtensibilityGlobals) = postSolution
		SolutionGuid = {16335E2B-8073-4426-9AB2-64D7567A4DF7}
	EndGlobalSection
EndGlobal
